// !$*UTF8*$!
{
	archiveVersion = 1;
	classes = {
	};
	objectVersion = 50;
	objects = {

/* Begin PBXBuildFile section */
		04A23746244E77C700DC9EC2 /* AppDelegate.swift in Sources */ = {isa = PBXBuildFile; fileRef = 04A23745244E77C700DC9EC2 /* AppDelegate.swift */; };
		04A23748244E77C700DC9EC2 /* SceneDelegate.swift in Sources */ = {isa = PBXBuildFile; fileRef = 04A23747244E77C700DC9EC2 /* SceneDelegate.swift */; };
		04A2374A244E77C700DC9EC2 /* ViewController.swift in Sources */ = {isa = PBXBuildFile; fileRef = 04A23749244E77C700DC9EC2 /* ViewController.swift */; };
		04A2374D244E77C700DC9EC2 /* Main.storyboard in Resources */ = {isa = PBXBuildFile; fileRef = 04A2374B244E77C700DC9EC2 /* Main.storyboard */; };
		04A2374F244E77CB00DC9EC2 /* Assets.xcassets in Resources */ = {isa = PBXBuildFile; fileRef = 04A2374E244E77CB00DC9EC2 /* Assets.xcassets */; };
		04A23752244E77CB00DC9EC2 /* LaunchScreen.storyboard in Resources */ = {isa = PBXBuildFile; fileRef = 04A23750244E77CB00DC9EC2 /* LaunchScreen.storyboard */; };
		04A2375D244E77CB00DC9EC2 /* AnimationTests.swift in Sources */ = {isa = PBXBuildFile; fileRef = 04A2375C244E77CB00DC9EC2 /* AnimationTests.swift */; };
/* End PBXBuildFile section */

/* Begin PBXContainerItemProxy section */
		04A23759244E77CB00DC9EC2 /* PBXContainerItemProxy */ = {
			isa = PBXContainerItemProxy;
			containerPortal = 04A2373A244E77C700DC9EC2 /* Project object */;
			proxyType = 1;
			remoteGlobalIDString = 04A23741244E77C700DC9EC2;
			remoteInfo = Animation;
		};
/* End PBXContainerItemProxy section */

/* Begin PBXFileReference section */
		04A23742244E77C700DC9EC2 /* Animation.app */ = {isa = PBXFileReference; explicitFileType = wrapper.application; includeInIndex = 0; path = Animation.app; sourceTree = BUILT_PRODUCTS_DIR; };
		04A23745244E77C700DC9EC2 /* AppDelegate.swift */ = {isa = PBXFileReference; lastKnownFileType = sourcecode.swift; path = AppDelegate.swift; sourceTree = "<group>"; };
		04A23747244E77C700DC9EC2 /* SceneDelegate.swift */ = {isa = PBXFileReference; lastKnownFileType = sourcecode.swift; path = SceneDelegate.swift; sourceTree = "<group>"; };
		04A23749244E77C700DC9EC2 /* ViewController.swift */ = {isa = PBXFileReference; lastKnownFileType = sourcecode.swift; path = ViewController.swift; sourceTree = "<group>"; };
		04A2374C244E77C700DC9EC2 /* Base */ = {isa = PBXFileReference; lastKnownFileType = file.storyboard; name = Base; path = Base.lproj/Main.storyboard; sourceTree = "<group>"; };
		04A2374E244E77CB00DC9EC2 /* Assets.xcassets */ = {isa = PBXFileReference; lastKnownFileType = folder.assetcatalog; path = Assets.xcassets; sourceTree = "<group>"; };
		04A23751244E77CB00DC9EC2 /* Base */ = {isa = PBXFileReference; lastKnownFileType = file.storyboard; name = Base; path = Base.lproj/LaunchScreen.storyboard; sourceTree = "<group>"; };
		04A23753244E77CB00DC9EC2 /* Info.plist */ = {isa = PBXFileReference; lastKnownFileType = text.plist.xml; path = Info.plist; sourceTree = "<group>"; };
		04A23758244E77CB00DC9EC2 /* AnimationTests.xctest */ = {isa = PBXFileReference; explicitFileType = wrapper.cfbundle; includeInIndex = 0; path = AnimationTests.xctest; sourceTree = BUILT_PRODUCTS_DIR; };
		04A2375C244E77CB00DC9EC2 /* AnimationTests.swift */ = {isa = PBXFileReference; lastKnownFileType = sourcecode.swift; path = AnimationTests.swift; sourceTree = "<group>"; };
		04A2375E244E77CB00DC9EC2 /* Info.plist */ = {isa = PBXFileReference; lastKnownFileType = text.plist.xml; path = Info.plist; sourceTree = "<group>"; };
/* End PBXFileReference section */

/* Begin PBXFrameworksBuildPhase section */
		04A2373F244E77C700DC9EC2 /* Frameworks */ = {
			isa = PBXFrameworksBuildPhase;
			buildActionMask = 2147483647;
			files = (
			);
			runOnlyForDeploymentPostprocessing = 0;
		};
		04A23755244E77CB00DC9EC2 /* Frameworks */ = {
			isa = PBXFrameworksBuildPhase;
			buildActionMask = 2147483647;
			files = (
			);
			runOnlyForDeploymentPostprocessing = 0;
		};
/* End PBXFrameworksBuildPhase section */

/* Begin PBXGroup section */
		04A23739244E77C700DC9EC2 = {
			isa = PBXGroup;
			children = (
				04A23744244E77C700DC9EC2 /* Animation */,
				04A2375B244E77CB00DC9EC2 /* AnimationTests */,
				04A23743244E77C700DC9EC2 /* Products */,
			);
			sourceTree = "<group>";
		};
		04A23743244E77C700DC9EC2 /* Products */ = {
			isa = PBXGroup;
			children = (
				04A23742244E77C700DC9EC2 /* Animation.app */,
				04A23758244E77CB00DC9EC2 /* AnimationTests.xctest */,
			);
			name = Products;
			sourceTree = "<group>";
		};
		04A23744244E77C700DC9EC2 /* Animation */ = {
			isa = PBXGroup;
			children = (
				04A23745244E77C700DC9EC2 /* AppDelegate.swift */,
				04A23747244E77C700DC9EC2 /* SceneDelegate.swift */,
				04A23749244E77C700DC9EC2 /* ViewController.swift */,
				04A2374B244E77C700DC9EC2 /* Main.storyboard */,
				04A2374E244E77CB00DC9EC2 /* Assets.xcassets */,
				04A23750244E77CB00DC9EC2 /* LaunchScreen.storyboard */,
				04A23753244E77CB00DC9EC2 /* Info.plist */,
			);
			path = Animation;
			sourceTree = "<group>";
		};
		04A2375B244E77CB00DC9EC2 /* AnimationTests */ = {
			isa = PBXGroup;
			children = (
				04A2375C244E77CB00DC9EC2 /* AnimationTests.swift */,
				04A2375E244E77CB00DC9EC2 /* Info.plist */,
			);
			path = AnimationTests;
			sourceTree = "<group>";
		};
/* End PBXGroup section */

/* Begin PBXNativeTarget section */
		04A23741244E77C700DC9EC2 /* Animation */ = {
			isa = PBXNativeTarget;
			buildConfigurationList = 04A23761244E77CB00DC9EC2 /* Build configuration list for PBXNativeTarget "Animation" */;
			buildPhases = (
				04A2373E244E77C700DC9EC2 /* Sources */,
				04A2373F244E77C700DC9EC2 /* Frameworks */,
				04A23740244E77C700DC9EC2 /* Resources */,
			);
			buildRules = (
			);
			dependencies = (
			);
			name = Animation;
			productName = Animation;
			productReference = 04A23742244E77C700DC9EC2 /* Animation.app */;
			productType = "com.apple.product-type.application";
		};
		04A23757244E77CB00DC9EC2 /* AnimationTests */ = {
			isa = PBXNativeTarget;
			buildConfigurationList = 04A23764244E77CB00DC9EC2 /* Build configuration list for PBXNativeTarget "AnimationTests" */;
			buildPhases = (
				04A23754244E77CB00DC9EC2 /* Sources */,
				04A23755244E77CB00DC9EC2 /* Frameworks */,
				04A23756244E77CB00DC9EC2 /* Resources */,
			);
			buildRules = (
			);
			dependencies = (
				04A2375A244E77CB00DC9EC2 /* PBXTargetDependency */,
			);
			name = AnimationTests;
			productName = AnimationTests;
			productReference = 04A23758244E77CB00DC9EC2 /* AnimationTests.xctest */;
			productType = "com.apple.product-type.bundle.unit-test";
		};
/* End PBXNativeTarget section */

/* Begin PBXProject section */
		04A2373A244E77C700DC9EC2 /* Project object */ = {
			isa = PBXProject;
			attributes = {
				LastSwiftUpdateCheck = 1140;
				LastUpgradeCheck = 1140;
				ORGANIZATIONNAME = Decagon;
				TargetAttributes = {
					04A23741244E77C700DC9EC2 = {
						CreatedOnToolsVersion = 11.4;
					};
					04A23757244E77CB00DC9EC2 = {
						CreatedOnToolsVersion = 11.4;
						TestTargetID = 04A23741244E77C700DC9EC2;
					};
				};
			};
			buildConfigurationList = 04A2373D244E77C700DC9EC2 /* Build configuration list for PBXProject "Animation" */;
			compatibilityVersion = "Xcode 9.3";
			developmentRegion = en;
			hasScannedForEncodings = 0;
			knownRegions = (
				en,
				Base,
			);
			mainGroup = 04A23739244E77C700DC9EC2;
			productRefGroup = 04A23743244E77C700DC9EC2 /* Products */;
			projectDirPath = "";
			projectRoot = "";
			targets = (
				04A23741244E77C700DC9EC2 /* Animation */,
				04A23757244E77CB00DC9EC2 /* AnimationTests */,
			);
		};
/* End PBXProject section */

/* Begin PBXResourcesBuildPhase section */
		04A23740244E77C700DC9EC2 /* Resources */ = {
			isa = PBXResourcesBuildPhase;
			buildActionMask = 2147483647;
			files = (
				04A23752244E77CB00DC9EC2 /* LaunchScreen.storyboard in Resources */,
				04A2374F244E77CB00DC9EC2 /* Assets.xcassets in Resources */,
				04A2374D244E77C700DC9EC2 /* Main.storyboard in Resources */,
			);
			runOnlyForDeploymentPostprocessing = 0;
		};
		04A23756244E77CB00DC9EC2 /* Resources */ = {
			isa = PBXResourcesBuildPhase;
			buildActionMask = 2147483647;
			files = (
			);
			runOnlyForDeploymentPostprocessing = 0;
		};
/* End PBXResourcesBuildPhase section */

/* Begin PBXSourcesBuildPhase section */
		04A2373E244E77C700DC9EC2 /* Sources */ = {
			isa = PBXSourcesBuildPhase;
			buildActionMask = 2147483647;
			files = (
				04A2374A244E77C700DC9EC2 /* ViewController.swift in Sources */,
				04A23746244E77C700DC9EC2 /* AppDelegate.swift in Sources */,
				04A23748244E77C700DC9EC2 /* SceneDelegate.swift in Sources */,
			);
			runOnlyForDeploymentPostprocessing = 0;
		};
		04A23754244E77CB00DC9EC2 /* Sources */ = {
			isa = PBXSourcesBuildPhase;
			buildActionMask = 2147483647;
			files = (
				04A2375D244E77CB00DC9EC2 /* AnimationTests.swift in Sources */,
			);
			runOnlyForDeploymentPostprocessing = 0;
		};
/* End PBXSourcesBuildPhase section */

/* Begin PBXTargetDependency section */
		04A2375A244E77CB00DC9EC2 /* PBXTargetDependency */ = {
			isa = PBXTargetDependency;
			target = 04A23741244E77C700DC9EC2 /* Animation */;
			targetProxy = 04A23759244E77CB00DC9EC2 /* PBXContainerItemProxy */;
		};
/* End PBXTargetDependency section */

/* Begin PBXVariantGroup section */
		04A2374B244E77C700DC9EC2 /* Main.storyboard */ = {
			isa = PBXVariantGroup;
			children = (
				04A2374C244E77C700DC9EC2 /* Base */,
			);
			name = Main.storyboard;
			sourceTree = "<group>";
		};
		04A23750244E77CB00DC9EC2 /* LaunchScreen.storyboard */ = {
			isa = PBXVariantGroup;
			children = (
				04A23751244E77CB00DC9EC2 /* Base */,
			);
			name = LaunchScreen.storyboard;
			sourceTree = "<group>";
		};
/* End PBXVariantGroup section */

/* Begin XCBuildConfiguration section */
		04A2375F244E77CB00DC9EC2 /* Debug */ = {
			isa = XCBuildConfiguration;
			buildSettings = {
				ALWAYS_SEARCH_USER_PATHS = NO;
				CLANG_ANALYZER_NONNULL = YES;
				CLANG_ANALYZER_NUMBER_OBJECT_CONVERSION = YES_AGGRESSIVE;
				CLANG_CXX_LANGUAGE_STANDARD = "gnu++14";
				CLANG_CXX_LIBRARY = "libc++";
				CLANG_ENABLE_MODULES = YES;
				CLANG_ENABLE_OBJC_ARC = YES;
				CLANG_ENABLE_OBJC_WEAK = YES;
				CLANG_WARN_BLOCK_CAPTURE_AUTORELEASING = YES;
				CLANG_WARN_BOOL_CONVERSION = YES;
				CLANG_WARN_COMMA = YES;
				CLANG_WARN_CONSTANT_CONVERSION = YES;
				CLANG_WARN_DEPRECATED_OBJC_IMPLEMENTATIONS = YES;
				CLANG_WARN_DIRECT_OBJC_ISA_USAGE = YES_ERROR;
				CLANG_WARN_DOCUMENTATION_COMMENTS = YES;
				CLANG_WARN_EMPTY_BODY = YES;
				CLANG_WARN_ENUM_CONVERSION = YES;
				CLANG_WARN_INFINITE_RECURSION = YES;
				CLANG_WARN_INT_CONVERSION = YES;
				CLANG_WARN_NON_LITERAL_NULL_CONVERSION = YES;
				CLANG_WARN_OBJC_IMPLICIT_RETAIN_SELF = YES;
				CLANG_WARN_OBJC_LITERAL_CONVERSION = YES;
				CLANG_WARN_OBJC_ROOT_CLASS = YES_ERROR;
				CLANG_WARN_RANGE_LOOP_ANALYSIS = YES;
				CLANG_WARN_STRICT_PROTOTYPES = YES;
				CLANG_WARN_SUSPICIOUS_MOVE = YES;
				CLANG_WARN_UNGUARDED_AVAILABILITY = YES_AGGRESSIVE;
				CLANG_WARN_UNREACHABLE_CODE = YES;
				CLANG_WARN__DUPLICATE_METHOD_MATCH = YES;
				COPY_PHASE_STRIP = NO;
				DEBUG_INFORMATION_FORMAT = dwarf;
				ENABLE_STRICT_OBJC_MSGSEND = YES;
				ENABLE_TESTABILITY = YES;
				GCC_C_LANGUAGE_STANDARD = gnu11;
				GCC_DYNAMIC_NO_PIC = NO;
				GCC_NO_COMMON_BLOCKS = YES;
				GCC_OPTIMIZATION_LEVEL = 0;
				GCC_PREPROCESSOR_DEFINITIONS = (
					"DEBUG=1",
					"$(inherited)",
				);
				GCC_WARN_64_TO_32_BIT_CONVERSION = YES;
				GCC_WARN_ABOUT_RETURN_TYPE = YES_ERROR;
				GCC_WARN_UNDECLARED_SELECTOR = YES;
				GCC_WARN_UNINITIALIZED_AUTOS = YES_AGGRESSIVE;
				GCC_WARN_UNUSED_FUNCTION = YES;
				GCC_WARN_UNUSED_VARIABLE = YES;
				IPHONEOS_DEPLOYMENT_TARGET = 13.4;
				MTL_ENABLE_DEBUG_INFO = INCLUDE_SOURCE;
				MTL_FAST_MATH = YES;
				ONLY_ACTIVE_ARCH = YES;
				SDKROOT = iphoneos;
				SWIFT_ACTIVE_COMPILATION_CONDITIONS = DEBUG;
				SWIFT_OPTIMIZATION_LEVEL = "-Onone";
			};
			name = Debug;
		};
		04A23760244E77CB00DC9EC2 /* Release */ = {
			isa = XCBuildConfiguration;
			buildSettings = {
				ALWAYS_SEARCH_USER_PATHS = NO;
				CLANG_ANALYZER_NONNULL = YES;
				CLANG_ANALYZER_NUMBER_OBJECT_CONVERSION = YES_AGGRESSIVE;
				CLANG_CXX_LANGUAGE_STANDARD = "gnu++14";
				CLANG_CXX_LIBRARY = "libc++";
				CLANG_ENABLE_MODULES = YES;
				CLANG_ENABLE_OBJC_ARC = YES;
				CLANG_ENABLE_OBJC_WEAK = YES;
				CLANG_WARN_BLOCK_CAPTURE_AUTORELEASING = YES;
				CLANG_WARN_BOOL_CONVERSION = YES;
				CLANG_WARN_COMMA = YES;
				CLANG_WARN_CONSTANT_CONVERSION = YES;
				CLANG_WARN_DEPRECATED_OBJC_IMPLEMENTATIONS = YES;
				CLANG_WARN_DIRECT_OBJC_ISA_USAGE = YES_ERROR;
				CLANG_WARN_DOCUMENTATION_COMMENTS = YES;
				CLANG_WARN_EMPTY_BODY = YES;
				CLANG_WARN_ENUM_CONVERSION = YES;
				CLANG_WARN_INFINITE_RECURSION = YES;
				CLANG_WARN_INT_CONVERSION = YES;
				CLANG_WARN_NON_LITERAL_NULL_CONVERSION = YES;
				CLANG_WARN_OBJC_IMPLICIT_RETAIN_SELF = YES;
				CLANG_WARN_OBJC_LITERAL_CONVERSION = YES;
				CLANG_WARN_OBJC_ROOT_CLASS = YES_ERROR;
				CLANG_WARN_RANGE_LOOP_ANALYSIS = YES;
				CLANG_WARN_STRICT_PROTOTYPES = YES;
				CLANG_WARN_SUSPICIOUS_MOVE = YES;
				CLANG_WARN_UNGUARDED_AVAILABILITY = YES_AGGRESSIVE;
				CLANG_WARN_UNREACHABLE_CODE = YES;
				CLANG_WARN__DUPLICATE_METHOD_MATCH = YES;
				COPY_PHASE_STRIP = NO;
				DEBUG_INFORMATION_FORMAT = "dwarf-with-dsym";
				ENABLE_NS_ASSERTIONS = NO;
				ENABLE_STRICT_OBJC_MSGSEND = YES;
				GCC_C_LANGUAGE_STANDARD = gnu11;
				GCC_NO_COMMON_BLOCKS = YES;
				GCC_WARN_64_TO_32_BIT_CONVERSION = YES;
				GCC_WARN_ABOUT_RETURN_TYPE = YES_ERROR;
				GCC_WARN_UNDECLARED_SELECTOR = YES;
				GCC_WARN_UNINITIALIZED_AUTOS = YES_AGGRESSIVE;
				GCC_WARN_UNUSED_FUNCTION = YES;
				GCC_WARN_UNUSED_VARIABLE = YES;
				IPHONEOS_DEPLOYMENT_TARGET = 13.4;
				MTL_ENABLE_DEBUG_INFO = NO;
				MTL_FAST_MATH = YES;
				SDKROOT = iphoneos;
				SWIFT_COMPILATION_MODE = wholemodule;
				SWIFT_OPTIMIZATION_LEVEL = "-O";
				VALIDATE_PRODUCT = YES;
			};
			name = Release;
		};
		04A23762244E77CB00DC9EC2 /* Debug */ = {
			isa = XCBuildConfiguration;
			buildSettings = {
				ASSETCATALOG_COMPILER_APPICON_NAME = AppIcon;
				CODE_SIGN_STYLE = Automatic;
				DEVELOPMENT_TEAM = 5Q5ZQNKVUT;
				INFOPLIST_FILE = Animation/Info.plist;
				LD_RUNPATH_SEARCH_PATHS = (
					"$(inherited)",
					"@executable_path/Frameworks",
				);
				PRODUCT_BUNDLE_IDENTIFIER = org.decagondev.Animation;
				PRODUCT_NAME = "$(TARGET_NAME)";
				SWIFT_VERSION = 5.0;
				TARGETED_DEVICE_FAMILY = "1,2";
			};
			name = Debug;
		};
		04A23763244E77CB00DC9EC2 /* Release */ = {
			isa = XCBuildConfiguration;
			buildSettings = {
				ASSETCATALOG_COMPILER_APPICON_NAME = AppIcon;
				CODE_SIGN_STYLE = Automatic;
				DEVELOPMENT_TEAM = 5Q5ZQNKVUT;
				INFOPLIST_FILE = Animation/Info.plist;
				LD_RUNPATH_SEARCH_PATHS = (
					"$(inherited)",
					"@executable_path/Frameworks",
				);
				PRODUCT_BUNDLE_IDENTIFIER = org.decagondev.Animation;
				PRODUCT_NAME = "$(TARGET_NAME)";
				SWIFT_VERSION = 5.0;
				TARGETED_DEVICE_FAMILY = "1,2";
			};
			name = Release;
		};
		04A23765244E77CB00DC9EC2 /* Debug */ = {
			isa = XCBuildConfiguration;
			buildSettings = {
				ALWAYS_EMBED_SWIFT_STANDARD_LIBRARIES = YES;
				BUNDLE_LOADER = "$(TEST_HOST)";
				CODE_SIGN_STYLE = Automatic;
				DEVELOPMENT_TEAM = 5Q5ZQNKVUT;
				INFOPLIST_FILE = AnimationTests/Info.plist;
				IPHONEOS_DEPLOYMENT_TARGET = 13.4;
				LD_RUNPATH_SEARCH_PATHS = (
					"$(inherited)",
					"@executable_path/Frameworks",
					"@loader_path/Frameworks",
				);
				PRODUCT_BUNDLE_IDENTIFIER = org.decagondev.AnimationTests;
				PRODUCT_NAME = "$(TARGET_NAME)";
				SWIFT_VERSION = 5.0;
				TARGETED_DEVICE_FAMILY = "1,2";
				TEST_HOST = "$(BUILT_PRODUCTS_DIR)/Animation.app/Animation";
			};
			name = Debug;
		};
		04A23766244E77CB00DC9EC2 /* Release */ = {
			isa = XCBuildConfiguration;
			buildSettings = {
				ALWAYS_EMBED_SWIFT_STANDARD_LIBRARIES = YES;
				BUNDLE_LOADER = "$(TEST_HOST)";
				CODE_SIGN_STYLE = Automatic;
				DEVELOPMENT_TEAM = 5Q5ZQNKVUT;
				INFOPLIST_FILE = AnimationTests/Info.plist;
				IPHONEOS_DEPLOYMENT_TARGET = 13.4;
				LD_RUNPATH_SEARCH_PATHS = (
					"$(inherited)",
					"@executable_path/Frameworks",
					"@loader_path/Frameworks",
				);
				PRODUCT_BUNDLE_IDENTIFIER = org.decagondev.AnimationTests;
				PRODUCT_NAME = "$(TARGET_NAME)";
				SWIFT_VERSION = 5.0;
				TARGETED_DEVICE_FAMILY = "1,2";
				TEST_HOST = "$(BUILT_PRODUCTS_DIR)/Animation.app/Animation";
			};
			name = Release;
		};
/* End XCBuildConfiguration section */

/* Begin XCConfigurationList section */
		04A2373D244E77C700DC9EC2 /* Build configuration list for PBXProject "Animation" */ = {
			isa = XCConfigurationList;
			buildConfigurations = (
				04A2375F244E77CB00DC9EC2 /* Debug */,
				04A23760244E77CB00DC9EC2 /* Release */,
			);
			defaultConfigurationIsVisible = 0;
			defaultConfigurationName = Release;
		};
		04A23761244E77CB00DC9EC2 /* Build configuration list for PBXNativeTarget "Animation" */ = {
			isa = XCConfigurationList;
			buildConfigurations = (
				04A23762244E77CB00DC9EC2 /* Debug */,
				04A23763244E77CB00DC9EC2 /* Release */,
			);
			defaultConfigurationIsVisible = 0;
			defaultConfigurationName = Release;
		};
		04A23764244E77CB00DC9EC2 /* Build configuration list for PBXNativeTarget "AnimationTests" */ = {
			isa = XCConfigurationList;
			buildConfigurations = (
				04A23765244E77CB00DC9EC2 /* Debug */,
				04A23766244E77CB00DC9EC2 /* Release */,
			);
			defaultConfigurationIsVisible = 0;
			defaultConfigurationName = Release;
		};
/* End XCConfigurationList section */
	};
	rootObject = 04A2373A244E77C700DC9EC2 /* Project object */;
}
